
Microsoft Visual Studio Solution File, Format Version 12.00
# Visual Studio Version 17
VisualStudioVersion = 17.4.33103.184
MinimumVisualStudioVersion = 10.0.40219.1
Project("{FAE04EC0-301F-11D3-BF4B-00C04F79EFBC}") = "CSharp01", "CSharp01\CSharp01.csproj", "{5779BBA6-8C83-4BE9-B7CD-7EE86BD59CDC}"
EndProject
Global
	GlobalSection(SolutionConfigurationPlatforms) = preSolution
		Debug|Any CPU = Debug|Any CPU
		Release|Any CPU = Release|Any CPU
	EndGlobalSection
	GlobalSection(ProjectConfigurationPlatforms) = postSolution
		{5779BBA6-8C83-4BE9-B7CD-7EE86BD59CDC}.Debug|Any CPU.ActiveCfg = Debug|Any CPU
		{5779BBA6-8C83-4BE9-B7CD-7EE86BD59CDC}.Debug|Any CPU.Build.0 = Debug|Any CPU
		{5779BBA6-8C83-4BE9-B7CD-7EE86BD59CDC}.Release|Any CPU.ActiveCfg = Release|Any CPU
		{5779BBA6-8C83-4BE9-B7CD-7EE86BD59CDC}.Release|Any CPU.Build.0 = Release|Any CPU
	EndGlobalSection
	GlobalSection(SolutionProperties) = preSolution
		HideSolutionNode = FALSE
	EndGlobalSection
	GlobalSection(ExtensibilityGlobals) = postSolution
		SolutionGuid = {CC26E856-9F9E-4B75-9ECD-1AAB054F6081}
	EndGlobalSection
EndGlobal
