
Microsoft Visual Studio Solution File, Format Version 12.00
# Visual Studio Version 17
VisualStudioVersion = 17.4.33103.184
MinimumVisualStudioVersion = 10.0.40219.1
Project("{FAE04EC0-301F-11D3-BF4B-00C04F79EFBC}") = "CSharp05", "CSharp05\CSharp05.csproj", "{A59C7EBD-4B8B-4C27-8F6D-DF0C6746AAB5}"
EndProject
Global
	GlobalSection(SolutionConfigurationPlatforms) = preSolution
		Debug|Any CPU = Debug|Any CPU
		Release|Any CPU = Release|Any CPU
	EndGlobalSection
	GlobalSection(ProjectConfigurationPlatforms) = postSolution
		{A59C7EBD-4B8B-4C27-8F6D-DF0C6746AAB5}.Debug|Any CPU.ActiveCfg = Debug|Any CPU
		{A59C7EBD-4B8B-4C27-8F6D-DF0C6746AAB5}.Debug|Any CPU.Build.0 = Debug|Any CPU
		{A59C7EBD-4B8B-4C27-8F6D-DF0C6746AAB5}.Release|Any CPU.ActiveCfg = Release|Any CPU
		{A59C7EBD-4B8B-4C27-8F6D-DF0C6746AAB5}.Release|Any CPU.Build.0 = Release|Any CPU
	EndGlobalSection
	GlobalSection(SolutionProperties) = preSolution
		HideSolutionNode = FALSE
	EndGlobalSection
	GlobalSection(ExtensibilityGlobals) = postSolution
		SolutionGuid = {46CA2BDC-74B6-46D2-A223-ED88D35AB845}
	EndGlobalSection
EndGlobal
