
Microsoft Visual Studio Solution File, Format Version 12.00
# Visual Studio Version 16
VisualStudioVersion = 25.0.1704.0
MinimumVisualStudioVersion = 10.0.40219.1
Project("{FAE04EC0-301F-11D3-BF4B-00C04F79EFBC}") = "Algorithm03", "Algorithm03\Algorithm03.csproj", "{A24B29C0-C775-4F53-A63F-FE6BB7E13C9A}"
EndProject
Global
	GlobalSection(SolutionConfigurationPlatforms) = preSolution
		Debug|Any CPU = Debug|Any CPU
		Release|Any CPU = Release|Any CPU
	EndGlobalSection
	GlobalSection(ProjectConfigurationPlatforms) = postSolution
		{A24B29C0-C775-4F53-A63F-FE6BB7E13C9A}.Debug|Any CPU.ActiveCfg = Debug|Any CPU
		{A24B29C0-C775-4F53-A63F-FE6BB7E13C9A}.Debug|Any CPU.Build.0 = Debug|Any CPU
		{A24B29C0-C775-4F53-A63F-FE6BB7E13C9A}.Release|Any CPU.ActiveCfg = Release|Any CPU
		{A24B29C0-C775-4F53-A63F-FE6BB7E13C9A}.Release|Any CPU.Build.0 = Release|Any CPU
	EndGlobalSection
	GlobalSection(SolutionProperties) = preSolution
		HideSolutionNode = FALSE
	EndGlobalSection
	GlobalSection(ExtensibilityGlobals) = postSolution
		SolutionGuid = {4E16C5E4-4DF6-413C-8C99-4336CE9E4AFD}
	EndGlobalSection
EndGlobal
