
Microsoft Visual Studio Solution File, Format Version 12.00
# Visual Studio Version 16
VisualStudioVersion = 25.0.1704.0
MinimumVisualStudioVersion = 10.0.40219.1
Project("{FAE04EC0-301F-11D3-BF4B-00C04F79EFBC}") = "Algorithm01", "Algorithm01\Algorithm01.csproj", "{C861D3F2-993E-4562-9EED-94CCFFD81AC0}"
EndProject
Global
	GlobalSection(SolutionConfigurationPlatforms) = preSolution
		Debug|Any CPU = Debug|Any CPU
		Release|Any CPU = Release|Any CPU
	EndGlobalSection
	GlobalSection(ProjectConfigurationPlatforms) = postSolution
		{C861D3F2-993E-4562-9EED-94CCFFD81AC0}.Debug|Any CPU.ActiveCfg = Debug|Any CPU
		{C861D3F2-993E-4562-9EED-94CCFFD81AC0}.Debug|Any CPU.Build.0 = Debug|Any CPU
		{C861D3F2-993E-4562-9EED-94CCFFD81AC0}.Release|Any CPU.ActiveCfg = Release|Any CPU
		{C861D3F2-993E-4562-9EED-94CCFFD81AC0}.Release|Any CPU.Build.0 = Release|Any CPU
	EndGlobalSection
	GlobalSection(SolutionProperties) = preSolution
		HideSolutionNode = FALSE
	EndGlobalSection
	GlobalSection(ExtensibilityGlobals) = postSolution
		SolutionGuid = {EA60CBF5-69DC-4BBA-A12B-B2528F7FFE4A}
	EndGlobalSection
EndGlobal
